
Microsoft Visual Studio Solution File, Format Version 12.00
# Visual Studio Version 17
VisualStudioVersion = 17.9.34728.123
MinimumVisualStudioVersion = 10.0.40219.1
Project("{FAE04EC0-301F-11D3-BF4B-00C04F79EFBC}") = "Dierentuin", "Dierentuin\Dierentuin.csproj", "{08940A04-8FC5-4E28-AFD7-6D7EA345629C}"
EndProject
Global
	GlobalSection(SolutionConfigurationPlatforms) = preSolution
		Debug|Any CPU = Debug|Any CPU
		Release|Any CPU = Release|Any CPU
	EndGlobalSection
	GlobalSection(ProjectConfigurationPlatforms) = postSolution
		{08940A04-8FC5-4E28-AFD7-6D7EA345629C}.Debug|Any CPU.ActiveCfg = Debug|Any CPU
		{08940A04-8FC5-4E28-AFD7-6D7EA345629C}.Debug|Any CPU.Build.0 = Debug|Any CPU
		{08940A04-8FC5-4E28-AFD7-6D7EA345629C}.Release|Any CPU.ActiveCfg = Release|Any CPU
		{08940A04-8FC5-4E28-AFD7-6D7EA345629C}.Release|Any CPU.Build.0 = Release|Any CPU
	EndGlobalSection
	GlobalSection(SolutionProperties) = preSolution
		HideSolutionNode = FALSE
	EndGlobalSection
	GlobalSection(ExtensibilityGlobals) = postSolution
		SolutionGuid = {A6BFDABB-1D0B-462D-AA46-5EF29C6297B1}
	EndGlobalSection
EndGlobal
